{
  "name": "thunder-scripts",
  "version": "1.0.0",
  "lockfileVersion": 1,
  "requires": true,
  "dependencies": {
    "array-uniq": {
      "version": "1.0.2",
      "resolved": "https://registry.npmjs.org/array-uniq/-/array-uniq-1.0.2.tgz",
      "integrity": "sha1-X8w3OSB3VyPP1k1lxkvvU7+eum0="
    },
    "asap": {
      "version": "2.0.6",
      "resolved": "https://registry.npmjs.org/asap/-/asap-2.0.6.tgz",
      "integrity": "sha1-5QNHYR1+aQlDIIu9r+vLwvuGbUY="
    },
    "cooperative": {
      "version": "1.1.0",
      "resolved": "https://registry.npmjs.org/cooperative/-/cooperative-1.1.0.tgz",
      "integrity": "sha1-QYfJMI1Q7omU0EtrexZ6V61DMgQ="
    },
    "csvtojson": {
      "version": "1.1.9",
      "resolved": "https://registry.npmjs.org/csvtojson/-/csvtojson-1.1.9.tgz",
      "integrity": "sha1-5kGucve8L6P5qvEn4CH8iUR8HNE=",
      "requires": {
        "lodash": "4.17.5",
        "strip-bom": "1.0.0"
      }
    },
    "debug": {
      "version": "2.6.8",
      "resolved": "https://registry.npmjs.org/debug/-/debug-2.6.8.tgz",
      "integrity": "sha1-5zFTHKLt4n0YgiJCfaF4IdaP9Pw=",
      "requires": {
        "ms": "2.0.0"
      }
    },
    "first-chunk-stream": {
      "version": "1.0.0",
      "resolved": "https://registry.npmjs.org/first-chunk-stream/-/first-chunk-stream-1.0.0.tgz",
      "integrity": "sha1-Wb+1DNkF9g18OUzT2ayqtOatk04="
    },
    "is-utf8": {
      "version": "0.2.1",
      "resolved": "https://registry.npmjs.org/is-utf8/-/is-utf8-0.2.1.tgz",
      "integrity": "sha1-Sw2hRCEE0bM2NA6AeX6GXPOffXI="
    },
    "lodash": {
      "version": "4.17.5",
      "resolved": "https://registry.npmjs.org/lodash/-/lodash-4.17.5.tgz",
      "integrity": "sha512-svL3uiZf1RwhH+cWrfZn3A4+U58wbP0tGVTLQPbjplZxZ8ROD9VLuNgsRniTlLe7OlSqR79RUehXgpBW/s0IQw=="
    },
    "ms": {
      "version": "2.0.0",
      "resolved": "https://registry.npmjs.org/ms/-/ms-2.0.0.tgz",
      "integrity": "sha1-VgiurfwAvmwpAd9fmGF4jeDVl8g="
    },
    "oracledb": {
      "version": "2.1.2",
      "resolved": "https://registry.npmjs.org/oracledb/-/oracledb-2.1.2.tgz",
      "integrity": "sha1-ZedlVopZUtLW5gb1QSNKtCKLaFE="
    },
    "randomstring": {
      "version": "1.1.5",
      "resolved": "https://registry.npmjs.org/randomstring/-/randomstring-1.1.5.tgz",
      "integrity": "sha1-bfBij3XL1ZMpMNn+OrTpVqGFGMM=",
      "requires": {
        "array-uniq": "1.0.2"
      }
    },
    "strip-bom": {
      "version": "1.0.0",
      "resolved": "https://registry.npmjs.org/strip-bom/-/strip-bom-1.0.0.tgz",
      "integrity": "sha1-hbiGLzhEtabV7IRnqTWYFzo295Q=",
      "requires": {
        "first-chunk-stream": "1.0.0",
        "is-utf8": "0.2.1"
      }
    },
    "sworm": {
      "version": "3.7.1",
      "resolved": "https://registry.npmjs.org/sworm/-/sworm-3.7.1.tgz",
      "integrity": "sha512-iSYQhAsMrhLx8IGcJ0WjLRRteiK481PBZNR6x9ncTyk/XXkXdUQpygYUtO9yhPM73iIq1KwOZm+fNwTLQq10tQ==",
      "requires": {
        "cooperative": "1.1.0",
        "debug": "2.6.8",
        "randomstring": "1.1.5",
        "underscore": "1.8.3"
      }
    },
    "sworn": {
      "version": "1.0.0",
      "resolved": "https://registry.npmjs.org/sworn/-/sworn-1.0.0.tgz",
      "integrity": "sha512-k2FBmEu0w7N3+HEXzNMhvON0U5fPs8xHrRvFaBkFJxDCCpAoHdiZF7TZEzG10iPSY1Yh3sV1yuQk+trFPCxsbw==",
      "requires": {
        "asap": "2.0.6"
      }
    },
    "underscore": {
      "version": "1.8.3",
      "resolved": "https://registry.npmjs.org/underscore/-/underscore-1.8.3.tgz",
      "integrity": "sha1-Tz+1OxBuYJf8+ctBCfKl6b36UCI="
    }
  }
}
